// !$*UTF8*$!
{
	archiveVersion = 1;
	classes = {
	};
	objectVersion = 56;
	objects = {

/* Begin PBXBuildFile section */
		04725C952B611A7B00279003 /* Learning_LiveActivityApp.swift in Sources */ = {isa = PBXBuildFile; fileRef = 04725C942B611A7B00279003 /* Learning_LiveActivityApp.swift */; };
		04725C972B611A7B00279003 /* ContentView.swift in Sources */ = {isa = PBXBuildFile; fileRef = 04725C962B611A7B00279003 /* ContentView.swift */; };
		04725C992B611A7D00279003 /* Assets.xcassets in Resources */ = {isa = PBXBuildFile; fileRef = 04725C982B611A7D00279003 /* Assets.xcassets */; };
		04725C9C2B611A7D00279003 /* Preview Assets.xcassets in Resources */ = {isa = PBXBuildFile; fileRef = 04725C9B2B611A7D00279003 /* Preview Assets.xcassets */; };
		04725CA92B611AA600279003 /* WidgetKit.framework in Frameworks */ = {isa = PBXBuildFile; fileRef = 04725CA82B611AA600279003 /* WidgetKit.framework */; };
		04725CAB2B611AA600279003 /* SwiftUI.framework in Frameworks */ = {isa = PBXBuildFile; fileRef = 04725CAA2B611AA600279003 /* SwiftUI.framework */; };
		04725CAE2B611AA600279003 /* MatchLiveScoreBundle.swift in Sources */ = {isa = PBXBuildFile; fileRef = 04725CAD2B611AA600279003 /* MatchLiveScoreBundle.swift */; };
		04725CB02B611AA600279003 /* MatchLiveScoreLiveActivity.swift in Sources */ = {isa = PBXBuildFile; fileRef = 04725CAF2B611AA600279003 /* MatchLiveScoreLiveActivity.swift */; };
		04725CB22B611AA600279003 /* MatchLiveScore.swift in Sources */ = {isa = PBXBuildFile; fileRef = 04725CB12B611AA600279003 /* MatchLiveScore.swift */; };
		04725CB42B611AA600279003 /* AppIntent.swift in Sources */ = {isa = PBXBuildFile; fileRef = 04725CB32B611AA600279003 /* AppIntent.swift */; };
		04725CB62B611AA900279003 /* Assets.xcassets in Resources */ = {isa = PBXBuildFile; fileRef = 04725CB52B611AA900279003 /* Assets.xcassets */; };
		04725CBA2B611AA900279003 /* MatchLiveScoreExtension.appex in Embed Foundation Extensions */ = {isa = PBXBuildFile; fileRef = 04725CA62B611AA600279003 /* MatchLiveScoreExtension.appex */; settings = {ATTRIBUTES = (RemoveHeadersOnCopy, ); }; };
/* End PBXBuildFile section */

/* Begin PBXContainerItemProxy section */
		04725CB82B611AA900279003 /* PBXContainerItemProxy */ = {
			isa = PBXContainerItemProxy;
			containerPortal = 04725C892B611A7B00279003 /* Project object */;
			proxyType = 1;
			remoteGlobalIDString = 04725CA52B611AA600279003;
			remoteInfo = MatchLiveScoreExtension;
		};
/* End PBXContainerItemProxy section */

/* Begin PBXCopyFilesBuildPhase section */
		04725CBE2B611AA900279003 /* Embed Foundation Extensions */ = {
			isa = PBXCopyFilesBuildPhase;
			buildActionMask = 2147483647;
			dstPath = "";
			dstSubfolderSpec = 13;
			files = (
				04725CBA2B611AA900279003 /* MatchLiveScoreExtension.appex in Embed Foundation Extensions */,
			);
			name = "Embed Foundation Extensions";
			runOnlyForDeploymentPostprocessing = 0;
		};
/* End PBXCopyFilesBuildPhase section */

/* Begin PBXFileReference section */
		04725C912B611A7B00279003 /* Learning-LiveActivity.app */ = {isa = PBXFileReference; explicitFileType = wrapper.application; includeInIndex = 0; path = "Learning-LiveActivity.app"; sourceTree = BUILT_PRODUCTS_DIR; };
		04725C942B611A7B00279003 /* Learning_LiveActivityApp.swift */ = {isa = PBXFileReference; lastKnownFileType = sourcecode.swift; path = Learning_LiveActivityApp.swift; sourceTree = "<group>"; };
		04725C962B611A7B00279003 /* ContentView.swift */ = {isa = PBXFileReference; lastKnownFileType = sourcecode.swift; path = ContentView.swift; sourceTree = "<group>"; };
		04725C982B611A7D00279003 /* Assets.xcassets */ = {isa = PBXFileReference; lastKnownFileType = folder.assetcatalog; path = Assets.xcassets; sourceTree = "<group>"; };
		04725C9B2B611A7D00279003 /* Preview Assets.xcassets */ = {isa = PBXFileReference; lastKnownFileType = folder.assetcatalog; path = "Preview Assets.xcassets"; sourceTree = "<group>"; };
		04725CA62B611AA600279003 /* MatchLiveScoreExtension.appex */ = {isa = PBXFileReference; explicitFileType = "wrapper.app-extension"; includeInIndex = 0; path = MatchLiveScoreExtension.appex; sourceTree = BUILT_PRODUCTS_DIR; };
		04725CA82B611AA600279003 /* WidgetKit.framework */ = {isa = PBXFileReference; lastKnownFileType = wrapper.framework; name = WidgetKit.framework; path = System/Library/Frameworks/WidgetKit.framework; sourceTree = SDKROOT; };
		04725CAA2B611AA600279003 /* SwiftUI.framework */ = {isa = PBXFileReference; lastKnownFileType = wrapper.framework; name = SwiftUI.framework; path = System/Library/Frameworks/SwiftUI.framework; sourceTree = SDKROOT; };
		04725CAD2B611AA600279003 /* MatchLiveScoreBundle.swift */ = {isa = PBXFileReference; lastKnownFileType = sourcecode.swift; path = MatchLiveScoreBundle.swift; sourceTree = "<group>"; };
		04725CAF2B611AA600279003 /* MatchLiveScoreLiveActivity.swift */ = {isa = PBXFileReference; lastKnownFileType = sourcecode.swift; path = MatchLiveScoreLiveActivity.swift; sourceTree = "<group>"; };
		04725CB12B611AA600279003 /* MatchLiveScore.swift */ = {isa = PBXFileReference; lastKnownFileType = sourcecode.swift; path = MatchLiveScore.swift; sourceTree = "<group>"; };
		04725CB32B611AA600279003 /* AppIntent.swift */ = {isa = PBXFileReference; lastKnownFileType = sourcecode.swift; path = AppIntent.swift; sourceTree = "<group>"; };
		04725CB52B611AA900279003 /* Assets.xcassets */ = {isa = PBXFileReference; lastKnownFileType = folder.assetcatalog; path = Assets.xcassets; sourceTree = "<group>"; };
		04725CB72B611AA900279003 /* Info.plist */ = {isa = PBXFileReference; lastKnownFileType = text.plist.xml; path = Info.plist; sourceTree = "<group>"; };
/* End PBXFileReference section */

/* Begin PBXFrameworksBuildPhase section */
		04725C8E2B611A7B00279003 /* Frameworks */ = {
			isa = PBXFrameworksBuildPhase;
			buildActionMask = 2147483647;
			files = (
			);
			runOnlyForDeploymentPostprocessing = 0;
		};
		04725CA32B611AA600279003 /* Frameworks */ = {
			isa = PBXFrameworksBuildPhase;
			buildActionMask = 2147483647;
			files = (
				04725CAB2B611AA600279003 /* SwiftUI.framework in Frameworks */,
				04725CA92B611AA600279003 /* WidgetKit.framework in Frameworks */,
			);
			runOnlyForDeploymentPostprocessing = 0;
		};
/* End PBXFrameworksBuildPhase section */

/* Begin PBXGroup section */
		04725C882B611A7B00279003 = {
			isa = PBXGroup;
			children = (
				04725C932B611A7B00279003 /* Learning-LiveActivity */,
				04725CAC2B611AA600279003 /* MatchLiveScore */,
				04725CA72B611AA600279003 /* Frameworks */,
				04725C922B611A7B00279003 /* Products */,
			);
			sourceTree = "<group>";
		};
		04725C922B611A7B00279003 /* Products */ = {
			isa = PBXGroup;
			children = (
				04725C912B611A7B00279003 /* Learning-LiveActivity.app */,
				04725CA62B611AA600279003 /* MatchLiveScoreExtension.appex */,
			);
			name = Products;
			sourceTree = "<group>";
		};
		04725C932B611A7B00279003 /* Learning-LiveActivity */ = {
			isa = PBXGroup;
			children = (
				04725C942B611A7B00279003 /* Learning_LiveActivityApp.swift */,
				04725C962B611A7B00279003 /* ContentView.swift */,
				04725C982B611A7D00279003 /* Assets.xcassets */,
				04725C9A2B611A7D00279003 /* Preview Content */,
			);
			path = "Learning-LiveActivity";
			sourceTree = "<group>";
		};
		04725C9A2B611A7D00279003 /* Preview Content */ = {
			isa = PBXGroup;
			children = (
				04725C9B2B611A7D00279003 /* Preview Assets.xcassets */,
			);
			path = "Preview Content";
			sourceTree = "<group>";
		};
		04725CA72B611AA600279003 /* Frameworks */ = {
			isa = PBXGroup;
			children = (
				04725CA82B611AA600279003 /* WidgetKit.framework */,
				04725CAA2B611AA600279003 /* SwiftUI.framework */,
			);
			name = Frameworks;
			sourceTree = "<group>";
		};
		04725CAC2B611AA600279003 /* MatchLiveScore */ = {
			isa = PBXGroup;
			children = (
				04725CAD2B611AA600279003 /* MatchLiveScoreBundle.swift */,
				04725CAF2B611AA600279003 /* MatchLiveScoreLiveActivity.swift */,
				04725CB12B611AA600279003 /* MatchLiveScore.swift */,
				04725CB32B611AA600279003 /* AppIntent.swift */,
				04725CB52B611AA900279003 /* Assets.xcassets */,
				04725CB72B611AA900279003 /* Info.plist */,
			);
			path = MatchLiveScore;
			sourceTree = "<group>";
		};
/* End PBXGroup section */

/* Begin PBXNativeTarget section */
		04725C902B611A7B00279003 /* Learning-LiveActivity */ = {
			isa = PBXNativeTarget;
			buildConfigurationList = 04725C9F2B611A7D00279003 /* Build configuration list for PBXNativeTarget "Learning-LiveActivity" */;
			buildPhases = (
				04725C8D2B611A7B00279003 /* Sources */,
				04725C8E2B611A7B00279003 /* Frameworks */,
				04725C8F2B611A7B00279003 /* Resources */,
				04725CBE2B611AA900279003 /* Embed Foundation Extensions */,
			);
			buildRules = (
			);
			dependencies = (
				04725CB92B611AA900279003 /* PBXTargetDependency */,
			);
			name = "Learning-LiveActivity";
			productName = "Learning-LiveActivity";
			productReference = 04725C912B611A7B00279003 /* Learning-LiveActivity.app */;
			productType = "com.apple.product-type.application";
		};
		04725CA52B611AA600279003 /* MatchLiveScoreExtension */ = {
			isa = PBXNativeTarget;
			buildConfigurationList = 04725CBB2B611AA900279003 /* Build configuration list for PBXNativeTarget "MatchLiveScoreExtension" */;
			buildPhases = (
				04725CA22B611AA600279003 /* Sources */,
				04725CA32B611AA600279003 /* Frameworks */,
				04725CA42B611AA600279003 /* Resources */,
			);
			buildRules = (
			);
			dependencies = (
			);
			name = MatchLiveScoreExtension;
			productName = MatchLiveScoreExtension;
			productReference = 04725CA62B611AA600279003 /* MatchLiveScoreExtension.appex */;
			productType = "com.apple.product-type.app-extension";
		};
/* End PBXNativeTarget section */

/* Begin PBXProject section */
		04725C892B611A7B00279003 /* Project object */ = {
			isa = PBXProject;
			attributes = {
				BuildIndependentTargetsInParallel = 1;
				LastSwiftUpdateCheck = 1500;
				LastUpgradeCheck = 1500;
				TargetAttributes = {
					04725C902B611A7B00279003 = {
						CreatedOnToolsVersion = 15.0.1;
					};
					04725CA52B611AA600279003 = {
						CreatedOnToolsVersion = 15.0.1;
					};
				};
			};
			buildConfigurationList = 04725C8C2B611A7B00279003 /* Build configuration list for PBXProject "Learning-LiveActivity" */;
			compatibilityVersion = "Xcode 14.0";
			developmentRegion = en;
			hasScannedForEncodings = 0;
			knownRegions = (
				en,
				Base,
			);
			mainGroup = 04725C882B611A7B00279003;
			productRefGroup = 04725C922B611A7B00279003 /* Products */;
			projectDirPath = "";
			projectRoot = "";
			targets = (
				04725C902B611A7B00279003 /* Learning-LiveActivity */,
				04725CA52B611AA600279003 /* MatchLiveScoreExtension */,
			);
		};
/* End PBXProject section */

/* Begin PBXResourcesBuildPhase section */
		04725C8F2B611A7B00279003 /* Resources */ = {
			isa = PBXResourcesBuildPhase;
			buildActionMask = 2147483647;
			files = (
				04725C9C2B611A7D00279003 /* Preview Assets.xcassets in Resources */,
				04725C992B611A7D00279003 /* Assets.xcassets in Resources */,
			);
			runOnlyForDeploymentPostprocessing = 0;
		};
		04725CA42B611AA600279003 /* Resources */ = {
			isa = PBXResourcesBuildPhase;
			buildActionMask = 2147483647;
			files = (
				04725CB62B611AA900279003 /* Assets.xcassets in Resources */,
			);
			runOnlyForDeploymentPostprocessing = 0;
		};
/* End PBXResourcesBuildPhase section */

/* Begin PBXSourcesBuildPhase section */
		04725C8D2B611A7B00279003 /* Sources */ = {
			isa = PBXSourcesBuildPhase;
			buildActionMask = 2147483647;
			files = (
				04725C972B611A7B00279003 /* ContentView.swift in Sources */,
				04725C952B611A7B00279003 /* Learning_LiveActivityApp.swift in Sources */,
			);
			runOnlyForDeploymentPostprocessing = 0;
		};
		04725CA22B611AA600279003 /* Sources */ = {
			isa = PBXSourcesBuildPhase;
			buildActionMask = 2147483647;
			files = (
				04725CB22B611AA600279003 /* MatchLiveScore.swift in Sources */,
				04725CB42B611AA600279003 /* AppIntent.swift in Sources */,
				04725CB02B611AA600279003 /* MatchLiveScoreLiveActivity.swift in Sources */,
				04725CAE2B611AA600279003 /* MatchLiveScoreBundle.swift in Sources */,
			);
			runOnlyForDeploymentPostprocessing = 0;
		};
/* End PBXSourcesBuildPhase section */

/* Begin PBXTargetDependency section */
		04725CB92B611AA900279003 /* PBXTargetDependency */ = {
			isa = PBXTargetDependency;
			target = 04725CA52B611AA600279003 /* MatchLiveScoreExtension */;
			targetProxy = 04725CB82B611AA900279003 /* PBXContainerItemProxy */;
		};
/* End PBXTargetDependency section */

/* Begin XCBuildConfiguration section */
		04725C9D2B611A7D00279003 /* Debug */ = {
			isa = XCBuildConfiguration;
			buildSettings = {
				ALWAYS_SEARCH_USER_PATHS = NO;
				ASSETCATALOG_COMPILER_GENERATE_SWIFT_ASSET_SYMBOL_EXTENSIONS = YES;
				CLANG_ANALYZER_NONNULL = YES;
				CLANG_ANALYZER_NUMBER_OBJECT_CONVERSION = YES_AGGRESSIVE;
				CLANG_CXX_LANGUAGE_STANDARD = "gnu++20";
				CLANG_ENABLE_MODULES = YES;
				CLANG_ENABLE_OBJC_ARC = YES;
				CLANG_ENABLE_OBJC_WEAK = YES;
				CLANG_WARN_BLOCK_CAPTURE_AUTORELEASING = YES;
				CLANG_WARN_BOOL_CONVERSION = YES;
				CLANG_WARN_COMMA = YES;
				CLANG_WARN_CONSTANT_CONVERSION = YES;
				CLANG_WARN_DEPRECATED_OBJC_IMPLEMENTATIONS = YES;
				CLANG_WARN_DIRECT_OBJC_ISA_USAGE = YES_ERROR;
				CLANG_WARN_DOCUMENTATION_COMMENTS = YES;
				CLANG_WARN_EMPTY_BODY = YES;
				CLANG_WARN_ENUM_CONVERSION = YES;
				CLANG_WARN_INFINITE_RECURSION = YES;
				CLANG_WARN_INT_CONVERSION = YES;
				CLANG_WARN_NON_LITERAL_NULL_CONVERSION = YES;
				CLANG_WARN_OBJC_IMPLICIT_RETAIN_SELF = YES;
				CLANG_WARN_OBJC_LITERAL_CONVERSION = YES;
				CLANG_WARN_OBJC_ROOT_CLASS = YES_ERROR;
				CLANG_WARN_QUOTED_INCLUDE_IN_FRAMEWORK_HEADER = YES;
				CLANG_WARN_RANGE_LOOP_ANALYSIS = YES;
				CLANG_WARN_STRICT_PROTOTYPES = YES;
				CLANG_WARN_SUSPICIOUS_MOVE = YES;
				CLANG_WARN_UNGUARDED_AVAILABILITY = YES_AGGRESSIVE;
				CLANG_WARN_UNREACHABLE_CODE = YES;
				CLANG_WARN__DUPLICATE_METHOD_MATCH = YES;
				COPY_PHASE_STRIP = NO;
				DEBUG_INFORMATION_FORMAT = dwarf;
				ENABLE_STRICT_OBJC_MSGSEND = YES;
				ENABLE_TESTABILITY = YES;
				ENABLE_USER_SCRIPT_SANDBOXING = YES;
				GCC_C_LANGUAGE_STANDARD = gnu17;
				GCC_DYNAMIC_NO_PIC = NO;
				GCC_NO_COMMON_BLOCKS = YES;
				GCC_OPTIMIZATION_LEVEL = 0;
				GCC_PREPROCESSOR_DEFINITIONS = (
					"DEBUG=1",
					"$(inherited)",
				);
				GCC_WARN_64_TO_32_BIT_CONVERSION = YES;
				GCC_WARN_ABOUT_RETURN_TYPE = YES_ERROR;
				GCC_WARN_UNDECLARED_SELECTOR = YES;
				GCC_WARN_UNINITIALIZED_AUTOS = YES_AGGRESSIVE;
				GCC_WARN_UNUSED_FUNCTION = YES;
				GCC_WARN_UNUSED_VARIABLE = YES;
				IPHONEOS_DEPLOYMENT_TARGET = 17.0;
				LOCALIZATION_PREFERS_STRING_CATALOGS = YES;
				MTL_ENABLE_DEBUG_INFO = INCLUDE_SOURCE;
				MTL_FAST_MATH = YES;
				ONLY_ACTIVE_ARCH = YES;
				SDKROOT = iphoneos;
				SWIFT_ACTIVE_COMPILATION_CONDITIONS = "DEBUG $(inherited)";
				SWIFT_OPTIMIZATION_LEVEL = "-Onone";
			};
			name = Debug;
		};
		04725C9E2B611A7D00279003 /* Release */ = {
			isa = XCBuildConfiguration;
			buildSettings = {
				ALWAYS_SEARCH_USER_PATHS = NO;
				ASSETCATALOG_COMPILER_GENERATE_SWIFT_ASSET_SYMBOL_EXTENSIONS = YES;
				CLANG_ANALYZER_NONNULL = YES;
				CLANG_ANALYZER_NUMBER_OBJECT_CONVERSION = YES_AGGRESSIVE;
				CLANG_CXX_LANGUAGE_STANDARD = "gnu++20";
				CLANG_ENABLE_MODULES = YES;
				CLANG_ENABLE_OBJC_ARC = YES;
				CLANG_ENABLE_OBJC_WEAK = YES;
				CLANG_WARN_BLOCK_CAPTURE_AUTORELEASING = YES;
				CLANG_WARN_BOOL_CONVERSION = YES;
				CLANG_WARN_COMMA = YES;
				CLANG_WARN_CONSTANT_CONVERSION = YES;
				CLANG_WARN_DEPRECATED_OBJC_IMPLEMENTATIONS = YES;
				CLANG_WARN_DIRECT_OBJC_ISA_USAGE = YES_ERROR;
				CLANG_WARN_DOCUMENTATION_COMMENTS = YES;
				CLANG_WARN_EMPTY_BODY = YES;
				CLANG_WARN_ENUM_CONVERSION = YES;
				CLANG_WARN_INFINITE_RECURSION = YES;
				CLANG_WARN_INT_CONVERSION = YES;
				CLANG_WARN_NON_LITERAL_NULL_CONVERSION = YES;
				CLANG_WARN_OBJC_IMPLICIT_RETAIN_SELF = YES;
				CLANG_WARN_OBJC_LITERAL_CONVERSION = YES;
				CLANG_WARN_OBJC_ROOT_CLASS = YES_ERROR;
				CLANG_WARN_QUOTED_INCLUDE_IN_FRAMEWORK_HEADER = YES;
				CLANG_WARN_RANGE_LOOP_ANALYSIS = YES;
				CLANG_WARN_STRICT_PROTOTYPES = YES;
				CLANG_WARN_SUSPICIOUS_MOVE = YES;
				CLANG_WARN_UNGUARDED_AVAILABILITY = YES_AGGRESSIVE;
				CLANG_WARN_UNREACHABLE_CODE = YES;
				CLANG_WARN__DUPLICATE_METHOD_MATCH = YES;
				COPY_PHASE_STRIP = NO;
				DEBUG_INFORMATION_FORMAT = "dwarf-with-dsym";
				ENABLE_NS_ASSERTIONS = NO;
				ENABLE_STRICT_OBJC_MSGSEND = YES;
				ENABLE_USER_SCRIPT_SANDBOXING = YES;
				GCC_C_LANGUAGE_STANDARD = gnu17;
				GCC_NO_COMMON_BLOCKS = YES;
				GCC_WARN_64_TO_32_BIT_CONVERSION = YES;
				GCC_WARN_ABOUT_RETURN_TYPE = YES_ERROR;
				GCC_WARN_UNDECLARED_SELECTOR = YES;
				GCC_WARN_UNINITIALIZED_AUTOS = YES_AGGRESSIVE;
				GCC_WARN_UNUSED_FUNCTION = YES;
				GCC_WARN_UNUSED_VARIABLE = YES;
				IPHONEOS_DEPLOYMENT_TARGET = 17.0;
				LOCALIZATION_PREFERS_STRING_CATALOGS = YES;
				MTL_ENABLE_DEBUG_INFO = NO;
				MTL_FAST_MATH = YES;
				SDKROOT = iphoneos;
				SWIFT_COMPILATION_MODE = wholemodule;
				VALIDATE_PRODUCT = YES;
			};
			name = Release;
		};
		04725CA02B611A7D00279003 /* Debug */ = {
			isa = XCBuildConfiguration;
			buildSettings = {
				ALWAYS_EMBED_SWIFT_STANDARD_LIBRARIES = YES;
				ASSETCATALOG_COMPILER_APPICON_NAME = AppIcon;
				ASSETCATALOG_COMPILER_GLOBAL_ACCENT_COLOR_NAME = AccentColor;
				CODE_SIGN_STYLE = Automatic;
				CURRENT_PROJECT_VERSION = 1;
				DEVELOPMENT_ASSET_PATHS = "\"Learning-LiveActivity/Preview Content\"";
				DEVELOPMENT_TEAM = AL5596JXF3;
				ENABLE_PREVIEWS = YES;
				GENERATE_INFOPLIST_FILE = YES;
				INFOPLIST_KEY_UIApplicationSceneManifest_Generation = YES;
				INFOPLIST_KEY_UIApplicationSupportsIndirectInputEvents = YES;
				INFOPLIST_KEY_UILaunchScreen_Generation = YES;
				INFOPLIST_KEY_UISupportedInterfaceOrientations_iPad = "UIInterfaceOrientationPortrait UIInterfaceOrientationPortraitUpsideDown UIInterfaceOrientationLandscapeLeft UIInterfaceOrientationLandscapeRight";
				INFOPLIST_KEY_UISupportedInterfaceOrientations_iPhone = "UIInterfaceOrientationPortrait UIInterfaceOrientationLandscapeLeft UIInterfaceOrientationLandscapeRight";
				LD_RUNPATH_SEARCH_PATHS = (
					"$(inherited)",
					"@executable_path/Frameworks",
				);
				MARKETING_VERSION = 1.0;
				PRODUCT_BUNDLE_IDENTIFIER = "demo.Learning-LiveActivity";
				PRODUCT_NAME = "$(TARGET_NAME)";
				SWIFT_EMIT_LOC_STRINGS = YES;
				SWIFT_VERSION = 5.0;
				TARGETED_DEVICE_FAMILY = "1,2";
			};
			name = Debug;
		};
		04725CA12B611A7D00279003 /* Release */ = {
			isa = XCBuildConfiguration;
			buildSettings = {
				ALWAYS_EMBED_SWIFT_STANDARD_LIBRARIES = YES;
				ASSETCATALOG_COMPILER_APPICON_NAME = AppIcon;
				ASSETCATALOG_COMPILER_GLOBAL_ACCENT_COLOR_NAME = AccentColor;
				CODE_SIGN_STYLE = Automatic;
				CURRENT_PROJECT_VERSION = 1;
				DEVELOPMENT_ASSET_PATHS = "\"Learning-LiveActivity/Preview Content\"";
				DEVELOPMENT_TEAM = AL5596JXF3;
				ENABLE_PREVIEWS = YES;
				GENERATE_INFOPLIST_FILE = YES;
				INFOPLIST_KEY_UIApplicationSceneManifest_Generation = YES;
				INFOPLIST_KEY_UIApplicationSupportsIndirectInputEvents = YES;
				INFOPLIST_KEY_UILaunchScreen_Generation = YES;
				INFOPLIST_KEY_UISupportedInterfaceOrientations_iPad = "UIInterfaceOrientationPortrait UIInterfaceOrientationPortraitUpsideDown UIInterfaceOrientationLandscapeLeft UIInterfaceOrientationLandscapeRight";
				INFOPLIST_KEY_UISupportedInterfaceOrientations_iPhone = "UIInterfaceOrientationPortrait UIInterfaceOrientationLandscapeLeft UIInterfaceOrientationLandscapeRight";
				LD_RUNPATH_SEARCH_PATHS = (
					"$(inherited)",
					"@executable_path/Frameworks",
				);
				MARKETING_VERSION = 1.0;
				PRODUCT_BUNDLE_IDENTIFIER = "demo.Learning-LiveActivity";
				PRODUCT_NAME = "$(TARGET_NAME)";
				SWIFT_EMIT_LOC_STRINGS = YES;
				SWIFT_VERSION = 5.0;
				TARGETED_DEVICE_FAMILY = "1,2";
			};
			name = Release;
		};
		04725CBC2B611AA900279003 /* Debug */ = {
			isa = XCBuildConfiguration;
			buildSettings = {
				ASSETCATALOG_COMPILER_GLOBAL_ACCENT_COLOR_NAME = AccentColor;
				ASSETCATALOG_COMPILER_WIDGET_BACKGROUND_COLOR_NAME = WidgetBackground;
				CODE_SIGN_STYLE = Automatic;
				CURRENT_PROJECT_VERSION = 1;
				DEVELOPMENT_TEAM = AL5596JXF3;
				GENERATE_INFOPLIST_FILE = YES;
				INFOPLIST_FILE = MatchLiveScore/Info.plist;
				INFOPLIST_KEY_CFBundleDisplayName = MatchLiveScore;
				INFOPLIST_KEY_NSHumanReadableCopyright = "";
				LD_RUNPATH_SEARCH_PATHS = (
					"$(inherited)",
					"@executable_path/Frameworks",
					"@executable_path/../../Frameworks",
				);
				MARKETING_VERSION = 1.0;
				PRODUCT_BUNDLE_IDENTIFIER = "demo.Learning-LiveActivity.MatchLiveScore";
				PRODUCT_NAME = "$(TARGET_NAME)";
				SKIP_INSTALL = YES;
				SWIFT_EMIT_LOC_STRINGS = YES;
				SWIFT_VERSION = 5.0;
				TARGETED_DEVICE_FAMILY = "1,2";
			};
			name = Debug;
		};
		04725CBD2B611AA900279003 /* Release */ = {
			isa = XCBuildConfiguration;
			buildSettings = {
				ASSETCATALOG_COMPILER_GLOBAL_ACCENT_COLOR_NAME = AccentColor;
				ASSETCATALOG_COMPILER_WIDGET_BACKGROUND_COLOR_NAME = WidgetBackground;
				CODE_SIGN_STYLE = Automatic;
				CURRENT_PROJECT_VERSION = 1;
				DEVELOPMENT_TEAM = AL5596JXF3;
				GENERATE_INFOPLIST_FILE = YES;
				INFOPLIST_FILE = MatchLiveScore/Info.plist;
				INFOPLIST_KEY_CFBundleDisplayName = MatchLiveScore;
				INFOPLIST_KEY_NSHumanReadableCopyright = "";
				LD_RUNPATH_SEARCH_PATHS = (
					"$(inherited)",
					"@executable_path/Frameworks",
					"@executable_path/../../Frameworks",
				);
				MARKETING_VERSION = 1.0;
				PRODUCT_BUNDLE_IDENTIFIER = "demo.Learning-LiveActivity.MatchLiveScore";
				PRODUCT_NAME = "$(TARGET_NAME)";
				SKIP_INSTALL = YES;
				SWIFT_EMIT_LOC_STRINGS = YES;
				SWIFT_VERSION = 5.0;
				TARGETED_DEVICE_FAMILY = "1,2";
			};
			name = Release;
		};
/* End XCBuildConfiguration section */

/* Begin XCConfigurationList section */
		04725C8C2B611A7B00279003 /* Build configuration list for PBXProject "Learning-LiveActivity" */ = {
			isa = XCConfigurationList;
			buildConfigurations = (
				04725C9D2B611A7D00279003 /* Debug */,
				04725C9E2B611A7D00279003 /* Release */,
			);
			defaultConfigurationIsVisible = 0;
			defaultConfigurationName = Release;
		};
		04725C9F2B611A7D00279003 /* Build configuration list for PBXNativeTarget "Learning-LiveActivity" */ = {
			isa = XCConfigurationList;
			buildConfigurations = (
				04725CA02B611A7D00279003 /* Debug */,
				04725CA12B611A7D00279003 /* Release */,
			);
			defaultConfigurationIsVisible = 0;
			defaultConfigurationName = Release;
		};
		04725CBB2B611AA900279003 /* Build configuration list for PBXNativeTarget "MatchLiveScoreExtension" */ = {
			isa = XCConfigurationList;
			buildConfigurations = (
				04725CBC2B611AA900279003 /* Debug */,
				04725CBD2B611AA900279003 /* Release */,
			);
			defaultConfigurationIsVisible = 0;
			defaultConfigurationName = Release;
		};
/* End XCConfigurationList section */
	};
	rootObject = 04725C892B611A7B00279003 /* Project object */;
}
